
Microsoft Visual Studio Solution File, Format Version 12.00
# Visual Studio 15
VisualStudioVersion = 15.0.27130.2003
MinimumVisualStudioVersion = 10.0.40219.1
Project("{FAE04EC0-301F-11D3-BF4B-00C04F79EFBC}") = "Audio Capture", "Audio Capture\Audio Capture.csproj", "{1BC1DA1B-6484-4B28-9502-AA48A0F3F03A}"
EndProject
Global
	GlobalSection(SolutionConfigurationPlatforms) = preSolution
		Debug|Any CPU = Debug|Any CPU
		Release|Any CPU = Release|Any CPU
	EndGlobalSection
	GlobalSection(ProjectConfigurationPlatforms) = postSolution
		{1BC1DA1B-6484-4B28-9502-AA48A0F3F03A}.Debug|Any CPU.ActiveCfg = Debug|Any CPU
		{1BC1DA1B-6484-4B28-9502-AA48A0F3F03A}.Debug|Any CPU.Build.0 = Debug|Any CPU
		{1BC1DA1B-6484-4B28-9502-AA48A0F3F03A}.Release|Any CPU.ActiveCfg = Release|Any CPU
		{1BC1DA1B-6484-4B28-9502-AA48A0F3F03A}.Release|Any CPU.Build.0 = Release|Any CPU
	EndGlobalSection
	GlobalSection(SolutionProperties) = preSolution
		HideSolutionNode = FALSE
	EndGlobalSection
	GlobalSection(ExtensibilityGlobals) = postSolution
		SolutionGuid = {5504E3EB-0AA0-489D-A354-075219CE42FC}
	EndGlobalSection
EndGlobal
